FORGE
  remote: http://forge.puppetlabs.com
  specs:
    camptocamp/archive (0.0.1)
    camptocamp/tomcat (0.7.1)
      camptocamp/archive (>= 0.0.0)
      theforeman/concat_native (>= 0.0.0)
    maestrodev/avahi (1.0.0)
    maestrodev/maven (1.1.7)
      maestrodev/wget (>= 1.0.0)
    maestrodev/wget (1.2.2)
    puppetlabs/apache (0.9.0)
      puppetlabs/concat (>= 1.0.0)
      puppetlabs/stdlib (>= 2.4.0)
    puppetlabs/apt (1.4.0)
      puppetlabs/stdlib (>= 2.2.1)
    puppetlabs/concat (1.0.0)
    puppetlabs/firewall (0.4.2)
    puppetlabs/java (1.0.1)
      puppetlabs/stdlib (>= 0.1.6)
    puppetlabs/postgresql (3.0.0)
      puppetlabs/apt (< 2.0.0, >= 1.1.0)
      puppetlabs/concat (< 2.0.0, >= 1.0.0)
      puppetlabs/firewall (>= 0.0.4)
      puppetlabs/stdlib (< 5.0.0, >= 3.2.0)
    puppetlabs/stdlib (4.1.0)
    stahnma/epel (0.0.5)
    theforeman/concat_native (1.3.1)

PATH
  remote: mymodules/acme
  specs:
    carlossg/acme (0.0.1)

DEPENDENCIES
  camptocamp/tomcat (>= 0.6.0)
  carlossg/acme (>= 0)
  maestrodev/avahi (>= 1.0.0)
  maestrodev/maven (>= 1.0.0)
  puppetlabs/apache (>= 0.9.0)
  puppetlabs/firewall (>= 0)
  puppetlabs/java (>= 1.0.0)
  puppetlabs/postgresql (>= 3.0.0)
  stahnma/epel (>= 0.0.2)

