FORGE
  remote: http://forge.puppetlabs.com
  specs:
    inkling/postgresql (0.2.0)
      puppetlabs/firewall (>= 0.0.4)
      puppetlabs/stdlib (>= 2.4.0)
    maestrodev/maven (0.0.2)
      maestrodev/wget (>= 0.0.1)
    maestrodev/wget (0.0.1)
    puppetlabs/apache (0.4.0)
      puppetlabs/firewall (>= 0.0.4)
      puppetlabs/stdlib (>= 2.2.1)
    puppetlabs/firewall (0.0.4)
    puppetlabs/java (0.1.6)
      puppetlabs/stdlib (>= 0.1.6)
    puppetlabs/stdlib (3.0.1)
    stahnma/epel (0.0.2)

GIT
  remote: git://github.com/carlossg/puppet-tomcat.git
  ref: master
  sha: 89f0b4d4505cd3499f57b2fd85af17509256f516
  specs:
    tomcat (0.0.1)

PATH
  remote: mymodules/other
  specs:
    other (0.0.1)

DEPENDENCIES
  inkling/postgresql (= 0.2.0)
  maestrodev/maven (= 0.0.2)
  maestrodev/wget (= 0.0.1)
  other (>= 0)
  puppetlabs/apache (= 0.4.0)
  puppetlabs/java (= 0.1.6)
  puppetlabs/stdlib (= 3.0.1)
  stahnma/epel (= 0.0.2)
  tomcat (>= 0)

